// !$*UTF8*$!
{
	archiveVersion = 1;
	classes = {
	};
	objectVersion = 50;
	objects = {

/* Begin PBXBuildFile section */
		280EF7032180FF9B009EFEB2 /* RootViewController.swift in Sources */ = {isa = PBXBuildFile; fileRef = 280EF7022180FF9B009EFEB2 /* RootViewController.swift */; };
		2814D30B2163C98D002B341B /* AlamofireImage.framework in Frameworks */ = {isa = PBXBuildFile; fileRef = 2814D3092163C646002B341B /* AlamofireImage.framework */; };
		2814D30C2163C98D002B341B /* AlamofireImage.framework in Embed Frameworks */ = {isa = PBXBuildFile; fileRef = 2814D3092163C646002B341B /* AlamofireImage.framework */; settings = {ATTRIBUTES = (CodeSignOnCopy, RemoveHeadersOnCopy, ); }; };
		2814D30E21646E54002B341B /* BricksetModels.swift in Sources */ = {isa = PBXBuildFile; fileRef = 2814D30D21646E54002B341B /* BricksetModels.swift */; };
		283340D321647911001593E8 /* Security.framework in Frameworks */ = {isa = PBXBuildFile; fileRef = 283340D221647911001593E8 /* Security.framework */; };
		283340D521647917001593E8 /* Accounts.framework in Frameworks */ = {isa = PBXBuildFile; fileRef = 283340D421647916001593E8 /* Accounts.framework */; };
		283340DE21647A61001593E8 /* SOAPEngine64.framework in Frameworks */ = {isa = PBXBuildFile; fileRef = 283340DC21647A59001593E8 /* SOAPEngine64.framework */; };
		283340DF21647A61001593E8 /* SOAPEngine64.framework in Embed Frameworks */ = {isa = PBXBuildFile; fileRef = 283340DC21647A59001593E8 /* SOAPEngine64.framework */; settings = {ATTRIBUTES = (CodeSignOnCopy, RemoveHeadersOnCopy, ); }; };
		283340F92165CA1D001593E8 /* Codable+Extensions.swift in Sources */ = {isa = PBXBuildFile; fileRef = 283340F82165CA1D001593E8 /* Codable+Extensions.swift */; };
		283340FB2166F169001593E8 /* UIView+Extensions.swift in Sources */ = {isa = PBXBuildFile; fileRef = 283340FA2166F169001593E8 /* UIView+Extensions.swift */; };
		283340FD2167CF03001593E8 /* Errors.swift in Sources */ = {isa = PBXBuildFile; fileRef = 283340FC2167CF03001593E8 /* Errors.swift */; };
		28440910214603E400A62445 /* RebrickableService.swift in Sources */ = {isa = PBXBuildFile; fileRef = 2844090F214603E400A62445 /* RebrickableService.swift */; };
		2844093A21460F3F00A62445 /* Models.swift in Sources */ = {isa = PBXBuildFile; fileRef = 2844093921460F3F00A62445 /* Models.swift */; };
		2844093C2146207000A62445 /* Colors.swift in Sources */ = {isa = PBXBuildFile; fileRef = 2844093B2146207000A62445 /* Colors.swift */; };
		284409402146287A00A62445 /* RebrickableModels.swift in Sources */ = {isa = PBXBuildFile; fileRef = 2844093F2146287A00A62445 /* RebrickableModels.swift */; };
		2844094221462D9100A62445 /* AFHelpers.swift in Sources */ = {isa = PBXBuildFile; fileRef = 2844094121462D9100A62445 /* AFHelpers.swift */; };
		2868D36021560630004F446B /* Alamofire.framework in Frameworks */ = {isa = PBXBuildFile; fileRef = 2868D35A21560623004F446B /* Alamofire.framework */; };
		2868D36121560630004F446B /* Alamofire.framework in Embed Frameworks */ = {isa = PBXBuildFile; fileRef = 2868D35A21560623004F446B /* Alamofire.framework */; settings = {ATTRIBUTES = (CodeSignOnCopy, RemoveHeadersOnCopy, ); }; };
		2868D36221560630004F446B /* CouchbaseLiteSwift.framework in Frameworks */ = {isa = PBXBuildFile; fileRef = 2868D35B21560623004F446B /* CouchbaseLiteSwift.framework */; };
		2868D36321560630004F446B /* CouchbaseLiteSwift.framework in Embed Frameworks */ = {isa = PBXBuildFile; fileRef = 2868D35B21560623004F446B /* CouchbaseLiteSwift.framework */; settings = {ATTRIBUTES = (CodeSignOnCopy, RemoveHeadersOnCopy, ); }; };
		28B127A4214ED0CF00989357 /* SetViewController.swift in Sources */ = {isa = PBXBuildFile; fileRef = 28B127A3214ED0CF00989357 /* SetViewController.swift */; };
		28B127A6214ED0E000989357 /* ScanSetViewController.swift in Sources */ = {isa = PBXBuildFile; fileRef = 28B127A5214ED0E000989357 /* ScanSetViewController.swift */; };
		28B127B5214EDC2200989357 /* BricksetService.swift in Sources */ = {isa = PBXBuildFile; fileRef = 28B127B4214EDC2200989357 /* BricksetService.swift */; };
		28B127EC214F471A00989357 /* DataSource.swift in Sources */ = {isa = PBXBuildFile; fileRef = 28B127EB214F471A00989357 /* DataSource.swift */; };
		28DD47BC2146414B00ADB53F /* SetsViewController.swift in Sources */ = {isa = PBXBuildFile; fileRef = 28DD47BB2146414B00ADB53F /* SetsViewController.swift */; };
		28ED7F372176D71700A42256 /* LoginViewController.swift in Sources */ = {isa = PBXBuildFile; fileRef = 28ED7F362176D71700A42256 /* LoginViewController.swift */; };
		28ED7F392176E2C900A42256 /* Styles.swift in Sources */ = {isa = PBXBuildFile; fileRef = 28ED7F382176E2C900A42256 /* Styles.swift */; };
		28ED7F3B217B685F00A42256 /* KeychainAccess.framework in Frameworks */ = {isa = PBXBuildFile; fileRef = 28ED7F3A217B685F00A42256 /* KeychainAccess.framework */; };
		28ED7F3C217B68A000A42256 /* KeychainAccess.framework in Frameworks */ = {isa = PBXBuildFile; fileRef = 28ED7F3A217B685F00A42256 /* KeychainAccess.framework */; };
		28ED7F3D217B68A000A42256 /* KeychainAccess.framework in Embed Frameworks */ = {isa = PBXBuildFile; fileRef = 28ED7F3A217B685F00A42256 /* KeychainAccess.framework */; settings = {ATTRIBUTES = (CodeSignOnCopy, RemoveHeadersOnCopy, ); }; };
		28EDE390217B9A6D003C0142 /* HomeViewController.swift in Sources */ = {isa = PBXBuildFile; fileRef = 28EDE38F217B9A6D003C0142 /* HomeViewController.swift */; };
		28EDE392217B9AB8003C0142 /* AuthenticationModel.swift in Sources */ = {isa = PBXBuildFile; fileRef = 28EDE391217B9AB8003C0142 /* AuthenticationModel.swift */; };
		28FDDC252146011A00FD301A /* AppDelegate.swift in Sources */ = {isa = PBXBuildFile; fileRef = 28FDDC242146011A00FD301A /* AppDelegate.swift */; };
		28FDDC272146011A00FD301A /* ViewController.swift in Sources */ = {isa = PBXBuildFile; fileRef = 28FDDC262146011A00FD301A /* ViewController.swift */; };
		28FDDC2A2146011A00FD301A /* Main.storyboard in Resources */ = {isa = PBXBuildFile; fileRef = 28FDDC282146011A00FD301A /* Main.storyboard */; };
		28FDDC2C2146011A00FD301A /* Assets.xcassets in Resources */ = {isa = PBXBuildFile; fileRef = 28FDDC2B2146011A00FD301A /* Assets.xcassets */; };
		28FDDC2F2146011A00FD301A /* LaunchScreen.storyboard in Resources */ = {isa = PBXBuildFile; fileRef = 28FDDC2D2146011A00FD301A /* LaunchScreen.storyboard */; };
		28FDDC3A2146011B00FD301A /* BrickalyzerTests.swift in Sources */ = {isa = PBXBuildFile; fileRef = 28FDDC392146011B00FD301A /* BrickalyzerTests.swift */; };
/* End PBXBuildFile section */

/* Begin PBXContainerItemProxy section */
		28FDDC362146011B00FD301A /* PBXContainerItemProxy */ = {
			isa = PBXContainerItemProxy;
			containerPortal = 28FDDC192146011A00FD301A /* Project object */;
			proxyType = 1;
			remoteGlobalIDString = 28FDDC202146011A00FD301A;
			remoteInfo = Brickalyzer;
		};
/* End PBXContainerItemProxy section */

/* Begin PBXCopyFilesBuildPhase section */
		28B1284F2155F61000989357 /* Embed Frameworks */ = {
			isa = PBXCopyFilesBuildPhase;
			buildActionMask = 2147483647;
			dstPath = "";
			dstSubfolderSpec = 10;
			files = (
				283340DF21647A61001593E8 /* SOAPEngine64.framework in Embed Frameworks */,
				2868D36321560630004F446B /* CouchbaseLiteSwift.framework in Embed Frameworks */,
				2868D36121560630004F446B /* Alamofire.framework in Embed Frameworks */,
				2814D30C2163C98D002B341B /* AlamofireImage.framework in Embed Frameworks */,
				28ED7F3D217B68A000A42256 /* KeychainAccess.framework in Embed Frameworks */,
			);
			name = "Embed Frameworks";
			runOnlyForDeploymentPostprocessing = 0;
		};
/* End PBXCopyFilesBuildPhase section */

/* Begin PBXFileReference section */
		280EF7022180FF9B009EFEB2 /* RootViewController.swift */ = {isa = PBXFileReference; lastKnownFileType = sourcecode.swift; path = RootViewController.swift; sourceTree = "<group>"; };
		2814D3092163C646002B341B /* AlamofireImage.framework */ = {isa = PBXFileReference; lastKnownFileType = wrapper.framework; name = AlamofireImage.framework; path = Carthage/Build/iOS/AlamofireImage.framework; sourceTree = "<group>"; };
		2814D30D21646E54002B341B /* BricksetModels.swift */ = {isa = PBXFileReference; lastKnownFileType = sourcecode.swift; path = BricksetModels.swift; sourceTree = "<group>"; };
		283340D221647911001593E8 /* Security.framework */ = {isa = PBXFileReference; lastKnownFileType = wrapper.framework; name = Security.framework; path = System/Library/Frameworks/Security.framework; sourceTree = SDKROOT; };
		283340D421647916001593E8 /* Accounts.framework */ = {isa = PBXFileReference; lastKnownFileType = wrapper.framework; name = Accounts.framework; path = System/Library/Frameworks/Accounts.framework; sourceTree = SDKROOT; };
		283340DC21647A59001593E8 /* SOAPEngine64.framework */ = {isa = PBXFileReference; lastKnownFileType = wrapper.framework; name = SOAPEngine64.framework; path = ThirdParty/SOAPEngine64.framework; sourceTree = "<group>"; };
		283340F82165CA1D001593E8 /* Codable+Extensions.swift */ = {isa = PBXFileReference; lastKnownFileType = sourcecode.swift; path = "Codable+Extensions.swift"; sourceTree = "<group>"; };
		283340FA2166F169001593E8 /* UIView+Extensions.swift */ = {isa = PBXFileReference; lastKnownFileType = sourcecode.swift; path = "UIView+Extensions.swift"; sourceTree = "<group>"; };
		283340FC2167CF03001593E8 /* Errors.swift */ = {isa = PBXFileReference; lastKnownFileType = sourcecode.swift; path = Errors.swift; sourceTree = "<group>"; };
		2844090F214603E400A62445 /* RebrickableService.swift */ = {isa = PBXFileReference; lastKnownFileType = sourcecode.swift; path = RebrickableService.swift; sourceTree = "<group>"; };
		2844093921460F3F00A62445 /* Models.swift */ = {isa = PBXFileReference; lastKnownFileType = sourcecode.swift; path = Models.swift; sourceTree = "<group>"; };
		2844093B2146207000A62445 /* Colors.swift */ = {isa = PBXFileReference; lastKnownFileType = sourcecode.swift; path = Colors.swift; sourceTree = "<group>"; };
		2844093F2146287A00A62445 /* RebrickableModels.swift */ = {isa = PBXFileReference; lastKnownFileType = sourcecode.swift; path = RebrickableModels.swift; sourceTree = "<group>"; };
		2844094121462D9100A62445 /* AFHelpers.swift */ = {isa = PBXFileReference; lastKnownFileType = sourcecode.swift; path = AFHelpers.swift; sourceTree = "<group>"; };
		2868D35A21560623004F446B /* Alamofire.framework */ = {isa = PBXFileReference; lastKnownFileType = wrapper.framework; name = Alamofire.framework; path = Carthage/Build/iOS/Alamofire.framework; sourceTree = "<group>"; };
		2868D35B21560623004F446B /* CouchbaseLiteSwift.framework */ = {isa = PBXFileReference; lastKnownFileType = wrapper.framework; name = CouchbaseLiteSwift.framework; path = Carthage/Build/iOS/CouchbaseLiteSwift.framework; sourceTree = "<group>"; };
		2868D35C21560623004F446B /* XMLMapper.framework */ = {isa = PBXFileReference; lastKnownFileType = wrapper.framework; name = XMLMapper.framework; path = Carthage/Build/iOS/XMLMapper.framework; sourceTree = "<group>"; };
		28B127A3214ED0CF00989357 /* SetViewController.swift */ = {isa = PBXFileReference; lastKnownFileType = sourcecode.swift; path = SetViewController.swift; sourceTree = "<group>"; };
		28B127A5214ED0E000989357 /* ScanSetViewController.swift */ = {isa = PBXFileReference; lastKnownFileType = sourcecode.swift; path = ScanSetViewController.swift; sourceTree = "<group>"; };
		28B127B4214EDC2200989357 /* BricksetService.swift */ = {isa = PBXFileReference; lastKnownFileType = sourcecode.swift; path = BricksetService.swift; sourceTree = "<group>"; };
		28B127EB214F471A00989357 /* DataSource.swift */ = {isa = PBXFileReference; lastKnownFileType = sourcecode.swift; path = DataSource.swift; sourceTree = "<group>"; };
		28DD47BB2146414B00ADB53F /* SetsViewController.swift */ = {isa = PBXFileReference; lastKnownFileType = sourcecode.swift; path = SetsViewController.swift; sourceTree = "<group>"; };
		28ED7F362176D71700A42256 /* LoginViewController.swift */ = {isa = PBXFileReference; lastKnownFileType = sourcecode.swift; path = LoginViewController.swift; sourceTree = "<group>"; };
		28ED7F382176E2C900A42256 /* Styles.swift */ = {isa = PBXFileReference; lastKnownFileType = sourcecode.swift; path = Styles.swift; sourceTree = "<group>"; };
		28ED7F3A217B685F00A42256 /* KeychainAccess.framework */ = {isa = PBXFileReference; lastKnownFileType = wrapper.framework; name = KeychainAccess.framework; path = Carthage/Build/iOS/KeychainAccess.framework; sourceTree = "<group>"; };
		28EDE38F217B9A6D003C0142 /* HomeViewController.swift */ = {isa = PBXFileReference; lastKnownFileType = sourcecode.swift; path = HomeViewController.swift; sourceTree = "<group>"; };
		28EDE391217B9AB8003C0142 /* AuthenticationModel.swift */ = {isa = PBXFileReference; lastKnownFileType = sourcecode.swift; path = AuthenticationModel.swift; sourceTree = "<group>"; };
		28FDDC212146011A00FD301A /* Brickalyzer.app */ = {isa = PBXFileReference; explicitFileType = wrapper.application; includeInIndex = 0; path = Brickalyzer.app; sourceTree = BUILT_PRODUCTS_DIR; };
		28FDDC242146011A00FD301A /* AppDelegate.swift */ = {isa = PBXFileReference; lastKnownFileType = sourcecode.swift; path = AppDelegate.swift; sourceTree = "<group>"; };
		28FDDC262146011A00FD301A /* ViewController.swift */ = {isa = PBXFileReference; lastKnownFileType = sourcecode.swift; path = ViewController.swift; sourceTree = "<group>"; };
		28FDDC292146011A00FD301A /* Base */ = {isa = PBXFileReference; lastKnownFileType = file.storyboard; name = Base; path = Base.lproj/Main.storyboard; sourceTree = "<group>"; };
		28FDDC2B2146011A00FD301A /* Assets.xcassets */ = {isa = PBXFileReference; lastKnownFileType = folder.assetcatalog; path = Assets.xcassets; sourceTree = "<group>"; };
		28FDDC2E2146011A00FD301A /* Base */ = {isa = PBXFileReference; lastKnownFileType = file.storyboard; name = Base; path = Base.lproj/LaunchScreen.storyboard; sourceTree = "<group>"; };
		28FDDC302146011A00FD301A /* Info.plist */ = {isa = PBXFileReference; lastKnownFileType = text.plist.xml; path = Info.plist; sourceTree = "<group>"; };
		28FDDC352146011B00FD301A /* BrickalyzerTests.xctest */ = {isa = PBXFileReference; explicitFileType = wrapper.cfbundle; includeInIndex = 0; path = BrickalyzerTests.xctest; sourceTree = BUILT_PRODUCTS_DIR; };
		28FDDC392146011B00FD301A /* BrickalyzerTests.swift */ = {isa = PBXFileReference; lastKnownFileType = sourcecode.swift; path = BrickalyzerTests.swift; sourceTree = "<group>"; };
		28FDDC3B2146011B00FD301A /* Info.plist */ = {isa = PBXFileReference; lastKnownFileType = text.plist.xml; path = Info.plist; sourceTree = "<group>"; };
		9FCB8F3E1E3E66FC00B7689E /* SOAPEngine64.framework */ = {isa = PBXFileReference; lastKnownFileType = wrapper.framework; name = SOAPEngine64.framework; path = ../SOAPEngine64.framework; sourceTree = "<group>"; };
/* End PBXFileReference section */

/* Begin PBXFrameworksBuildPhase section */
		28FDDC1E2146011A00FD301A /* Frameworks */ = {
			isa = PBXFrameworksBuildPhase;
			buildActionMask = 2147483647;
			files = (
				283340D521647917001593E8 /* Accounts.framework in Frameworks */,
				283340D321647911001593E8 /* Security.framework in Frameworks */,
				28ED7F3C217B68A000A42256 /* KeychainAccess.framework in Frameworks */,
				2868D36221560630004F446B /* CouchbaseLiteSwift.framework in Frameworks */,
				28ED7F3B217B685F00A42256 /* KeychainAccess.framework in Frameworks */,
				2868D36021560630004F446B /* Alamofire.framework in Frameworks */,
				2814D30B2163C98D002B341B /* AlamofireImage.framework in Frameworks */,
				283340DE21647A61001593E8 /* SOAPEngine64.framework in Frameworks */,
			);
			runOnlyForDeploymentPostprocessing = 0;
		};
		28FDDC322146011B00FD301A /* Frameworks */ = {
			isa = PBXFrameworksBuildPhase;
			buildActionMask = 2147483647;
			files = (
			);
			runOnlyForDeploymentPostprocessing = 0;
		};
/* End PBXFrameworksBuildPhase section */

/* Begin PBXGroup section */
		283340D12164786D001593E8 /* Recovered References */ = {
			isa = PBXGroup;
			children = (
				9FCB8F3E1E3E66FC00B7689E /* SOAPEngine64.framework */,
			);
			name = "Recovered References";
			sourceTree = "<group>";
		};
		283340F72165CA11001593E8 /* Helpers */ = {
			isa = PBXGroup;
			children = (
				283340F82165CA1D001593E8 /* Codable+Extensions.swift */,
				283340FA2166F169001593E8 /* UIView+Extensions.swift */,
				283340FC2167CF03001593E8 /* Errors.swift */,
				28ED7F382176E2C900A42256 /* Styles.swift */,
			);
			path = Helpers;
			sourceTree = "<group>";
		};
		2844090D214603CA00A62445 /* Models */ = {
			isa = PBXGroup;
			children = (
				2844093921460F3F00A62445 /* Models.swift */,
				2844093B2146207000A62445 /* Colors.swift */,
				28EDE391217B9AB8003C0142 /* AuthenticationModel.swift */,
			);
			path = Models;
			sourceTree = "<group>";
		};
		2844090E214603D700A62445 /* Services */ = {
			isa = PBXGroup;
			children = (
				28B127B3214EDC0800989357 /* Brickset */,
				2844093E2146286D00A62445 /* Rebrickable */,
				2844094121462D9100A62445 /* AFHelpers.swift */,
				28B127EB214F471A00989357 /* DataSource.swift */,
			);
			path = Services;
			sourceTree = "<group>";
		};
		284409172146080900A62445 /* Frameworks */ = {
			isa = PBXGroup;
			children = (
				28ED7F3A217B685F00A42256 /* KeychainAccess.framework */,
				283340DC21647A59001593E8 /* SOAPEngine64.framework */,
				283340D421647916001593E8 /* Accounts.framework */,
				283340D221647911001593E8 /* Security.framework */,
				2814D3092163C646002B341B /* AlamofireImage.framework */,
				2868D35A21560623004F446B /* Alamofire.framework */,
				2868D35B21560623004F446B /* CouchbaseLiteSwift.framework */,
				2868D35C21560623004F446B /* XMLMapper.framework */,
			);
			name = Frameworks;
			sourceTree = "<group>";
		};
		2844093E2146286D00A62445 /* Rebrickable */ = {
			isa = PBXGroup;
			children = (
				2844090F214603E400A62445 /* RebrickableService.swift */,
				2844093F2146287A00A62445 /* RebrickableModels.swift */,
			);
			path = Rebrickable;
			sourceTree = "<group>";
		};
		28B127B3214EDC0800989357 /* Brickset */ = {
			isa = PBXGroup;
			children = (
				28B127B4214EDC2200989357 /* BricksetService.swift */,
				2814D30D21646E54002B341B /* BricksetModels.swift */,
			);
			path = Brickset;
			sourceTree = "<group>";
		};
		28DD47B32146412200ADB53F /* ViewControllers */ = {
			isa = PBXGroup;
			children = (
				28EDE38F217B9A6D003C0142 /* HomeViewController.swift */,
				28ED7F362176D71700A42256 /* LoginViewController.swift */,
				28B127A5214ED0E000989357 /* ScanSetViewController.swift */,
				28DD47BB2146414B00ADB53F /* SetsViewController.swift */,
				28B127A3214ED0CF00989357 /* SetViewController.swift */,
				280EF7022180FF9B009EFEB2 /* RootViewController.swift */,
			);
			path = ViewControllers;
			sourceTree = "<group>";
		};
		28FDDC182146011A00FD301A = {
			isa = PBXGroup;
			children = (
				28FDDC232146011A00FD301A /* Brickalyzer */,
				28FDDC382146011B00FD301A /* BrickalyzerTests */,
				28FDDC222146011A00FD301A /* Products */,
				284409172146080900A62445 /* Frameworks */,
				283340D12164786D001593E8 /* Recovered References */,
			);
			sourceTree = "<group>";
		};
		28FDDC222146011A00FD301A /* Products */ = {
			isa = PBXGroup;
			children = (
				28FDDC212146011A00FD301A /* Brickalyzer.app */,
				28FDDC352146011B00FD301A /* BrickalyzerTests.xctest */,
			);
			name = Products;
			sourceTree = "<group>";
		};
		28FDDC232146011A00FD301A /* Brickalyzer */ = {
			isa = PBXGroup;
			children = (
				283340F72165CA11001593E8 /* Helpers */,
				28DD47B32146412200ADB53F /* ViewControllers */,
				2844090E214603D700A62445 /* Services */,
				2844090D214603CA00A62445 /* Models */,
				28FDDC242146011A00FD301A /* AppDelegate.swift */,
				28FDDC262146011A00FD301A /* ViewController.swift */,
				28FDDC282146011A00FD301A /* Main.storyboard */,
				28FDDC2B2146011A00FD301A /* Assets.xcassets */,
				28FDDC2D2146011A00FD301A /* LaunchScreen.storyboard */,
				28FDDC302146011A00FD301A /* Info.plist */,
			);
			path = Brickalyzer;
			sourceTree = "<group>";
		};
		28FDDC382146011B00FD301A /* BrickalyzerTests */ = {
			isa = PBXGroup;
			children = (
				28FDDC392146011B00FD301A /* BrickalyzerTests.swift */,
				28FDDC3B2146011B00FD301A /* Info.plist */,
			);
			path = BrickalyzerTests;
			sourceTree = "<group>";
		};
/* End PBXGroup section */

/* Begin PBXNativeTarget section */
		28FDDC202146011A00FD301A /* Brickalyzer */ = {
			isa = PBXNativeTarget;
			buildConfigurationList = 28FDDC3E2146011B00FD301A /* Build configuration list for PBXNativeTarget "Brickalyzer" */;
			buildPhases = (
				28FDDC1D2146011A00FD301A /* Sources */,
				28FDDC1E2146011A00FD301A /* Frameworks */,
				28FDDC1F2146011A00FD301A /* Resources */,
				28B1284F2155F61000989357 /* Embed Frameworks */,
			);
			buildRules = (
			);
			dependencies = (
			);
			name = Brickalyzer;
			productName = Brickalyzer;
			productReference = 28FDDC212146011A00FD301A /* Brickalyzer.app */;
			productType = "com.apple.product-type.application";
		};
		28FDDC342146011B00FD301A /* BrickalyzerTests */ = {
			isa = PBXNativeTarget;
			buildConfigurationList = 28FDDC412146011B00FD301A /* Build configuration list for PBXNativeTarget "BrickalyzerTests" */;
			buildPhases = (
				28FDDC312146011B00FD301A /* Sources */,
				28FDDC322146011B00FD301A /* Frameworks */,
				28FDDC332146011B00FD301A /* Resources */,
			);
			buildRules = (
			);
			dependencies = (
				28FDDC372146011B00FD301A /* PBXTargetDependency */,
			);
			name = BrickalyzerTests;
			productName = BrickalyzerTests;
			productReference = 28FDDC352146011B00FD301A /* BrickalyzerTests.xctest */;
			productType = "com.apple.product-type.bundle.unit-test";
		};
/* End PBXNativeTarget section */

/* Begin PBXProject section */
		28FDDC192146011A00FD301A /* Project object */ = {
			isa = PBXProject;
			attributes = {
				LastSwiftUpdateCheck = 1000;
				LastUpgradeCheck = 1000;
				ORGANIZATIONNAME = "Spike Software";
				TargetAttributes = {
					28FDDC202146011A00FD301A = {
						CreatedOnToolsVersion = 10.0;
					};
					28FDDC342146011B00FD301A = {
						CreatedOnToolsVersion = 10.0;
						TestTargetID = 28FDDC202146011A00FD301A;
					};
				};
			};
			buildConfigurationList = 28FDDC1C2146011A00FD301A /* Build configuration list for PBXProject "Brickalyzer" */;
			compatibilityVersion = "Xcode 9.3";
			developmentRegion = en;
			hasScannedForEncodings = 0;
			knownRegions = (
				en,
				Base,
			);
			mainGroup = 28FDDC182146011A00FD301A;
			productRefGroup = 28FDDC222146011A00FD301A /* Products */;
			projectDirPath = "";
			projectRoot = "";
			targets = (
				28FDDC202146011A00FD301A /* Brickalyzer */,
				28FDDC342146011B00FD301A /* BrickalyzerTests */,
			);
		};
/* End PBXProject section */

/* Begin PBXResourcesBuildPhase section */
		28FDDC1F2146011A00FD301A /* Resources */ = {
			isa = PBXResourcesBuildPhase;
			buildActionMask = 2147483647;
			files = (
				28FDDC2F2146011A00FD301A /* LaunchScreen.storyboard in Resources */,
				28FDDC2C2146011A00FD301A /* Assets.xcassets in Resources */,
				28FDDC2A2146011A00FD301A /* Main.storyboard in Resources */,
			);
			runOnlyForDeploymentPostprocessing = 0;
		};
		28FDDC332146011B00FD301A /* Resources */ = {
			isa = PBXResourcesBuildPhase;
			buildActionMask = 2147483647;
			files = (
			);
			runOnlyForDeploymentPostprocessing = 0;
		};
/* End PBXResourcesBuildPhase section */

/* Begin PBXSourcesBuildPhase section */
		28FDDC1D2146011A00FD301A /* Sources */ = {
			isa = PBXSourcesBuildPhase;
			buildActionMask = 2147483647;
			files = (
				2844094221462D9100A62445 /* AFHelpers.swift in Sources */,
				28EDE392217B9AB8003C0142 /* AuthenticationModel.swift in Sources */,
				28B127A4214ED0CF00989357 /* SetViewController.swift in Sources */,
				28EDE390217B9A6D003C0142 /* HomeViewController.swift in Sources */,
				28DD47BC2146414B00ADB53F /* SetsViewController.swift in Sources */,
				28FDDC272146011A00FD301A /* ViewController.swift in Sources */,
				283340FD2167CF03001593E8 /* Errors.swift in Sources */,
				2814D30E21646E54002B341B /* BricksetModels.swift in Sources */,
				2844093C2146207000A62445 /* Colors.swift in Sources */,
				28FDDC252146011A00FD301A /* AppDelegate.swift in Sources */,
				28B127EC214F471A00989357 /* DataSource.swift in Sources */,
				28ED7F392176E2C900A42256 /* Styles.swift in Sources */,
				28440910214603E400A62445 /* RebrickableService.swift in Sources */,
				284409402146287A00A62445 /* RebrickableModels.swift in Sources */,
				283340F92165CA1D001593E8 /* Codable+Extensions.swift in Sources */,
				28B127A6214ED0E000989357 /* ScanSetViewController.swift in Sources */,
				28ED7F372176D71700A42256 /* LoginViewController.swift in Sources */,
				280EF7032180FF9B009EFEB2 /* RootViewController.swift in Sources */,
				283340FB2166F169001593E8 /* UIView+Extensions.swift in Sources */,
				2844093A21460F3F00A62445 /* Models.swift in Sources */,
				28B127B5214EDC2200989357 /* BricksetService.swift in Sources */,
			);
			runOnlyForDeploymentPostprocessing = 0;
		};
		28FDDC312146011B00FD301A /* Sources */ = {
			isa = PBXSourcesBuildPhase;
			buildActionMask = 2147483647;
			files = (
				28FDDC3A2146011B00FD301A /* BrickalyzerTests.swift in Sources */,
			);
			runOnlyForDeploymentPostprocessing = 0;
		};
/* End PBXSourcesBuildPhase section */

/* Begin PBXTargetDependency section */
		28FDDC372146011B00FD301A /* PBXTargetDependency */ = {
			isa = PBXTargetDependency;
			target = 28FDDC202146011A00FD301A /* Brickalyzer */;
			targetProxy = 28FDDC362146011B00FD301A /* PBXContainerItemProxy */;
		};
/* End PBXTargetDependency section */

/* Begin PBXVariantGroup section */
		28FDDC282146011A00FD301A /* Main.storyboard */ = {
			isa = PBXVariantGroup;
			children = (
				28FDDC292146011A00FD301A /* Base */,
			);
			name = Main.storyboard;
			sourceTree = "<group>";
		};
		28FDDC2D2146011A00FD301A /* LaunchScreen.storyboard */ = {
			isa = PBXVariantGroup;
			children = (
				28FDDC2E2146011A00FD301A /* Base */,
			);
			name = LaunchScreen.storyboard;
			sourceTree = "<group>";
		};
/* End PBXVariantGroup section */

/* Begin XCBuildConfiguration section */
		28FDDC3C2146011B00FD301A /* Debug */ = {
			isa = XCBuildConfiguration;
			buildSettings = {
				ALWAYS_SEARCH_USER_PATHS = NO;
				CLANG_ANALYZER_NONNULL = YES;
				CLANG_ANALYZER_NUMBER_OBJECT_CONVERSION = YES_AGGRESSIVE;
				CLANG_CXX_LANGUAGE_STANDARD = "gnu++14";
				CLANG_CXX_LIBRARY = "libc++";
				CLANG_ENABLE_MODULES = YES;
				CLANG_ENABLE_OBJC_ARC = YES;
				CLANG_ENABLE_OBJC_WEAK = YES;
				CLANG_WARN_BLOCK_CAPTURE_AUTORELEASING = YES;
				CLANG_WARN_BOOL_CONVERSION = YES;
				CLANG_WARN_COMMA = YES;
				CLANG_WARN_CONSTANT_CONVERSION = YES;
				CLANG_WARN_DEPRECATED_OBJC_IMPLEMENTATIONS = YES;
				CLANG_WARN_DIRECT_OBJC_ISA_USAGE = YES_ERROR;
				CLANG_WARN_DOCUMENTATION_COMMENTS = YES;
				CLANG_WARN_EMPTY_BODY = YES;
				CLANG_WARN_ENUM_CONVERSION = YES;
				CLANG_WARN_INFINITE_RECURSION = YES;
				CLANG_WARN_INT_CONVERSION = YES;
				CLANG_WARN_NON_LITERAL_NULL_CONVERSION = YES;
				CLANG_WARN_OBJC_IMPLICIT_RETAIN_SELF = YES;
				CLANG_WARN_OBJC_LITERAL_CONVERSION = YES;
				CLANG_WARN_OBJC_ROOT_CLASS = YES_ERROR;
				CLANG_WARN_RANGE_LOOP_ANALYSIS = YES;
				CLANG_WARN_STRICT_PROTOTYPES = YES;
				CLANG_WARN_SUSPICIOUS_MOVE = YES;
				CLANG_WARN_UNGUARDED_AVAILABILITY = YES_AGGRESSIVE;
				CLANG_WARN_UNREACHABLE_CODE = YES;
				CLANG_WARN__DUPLICATE_METHOD_MATCH = YES;
				CODE_SIGN_IDENTITY = "iPhone Developer";
				COPY_PHASE_STRIP = NO;
				DEBUG_INFORMATION_FORMAT = dwarf;
				ENABLE_STRICT_OBJC_MSGSEND = YES;
				ENABLE_TESTABILITY = YES;
				GCC_C_LANGUAGE_STANDARD = gnu11;
				GCC_DYNAMIC_NO_PIC = NO;
				GCC_NO_COMMON_BLOCKS = YES;
				GCC_OPTIMIZATION_LEVEL = 0;
				GCC_PREPROCESSOR_DEFINITIONS = (
					"DEBUG=1",
					"$(inherited)",
				);
				GCC_WARN_64_TO_32_BIT_CONVERSION = YES;
				GCC_WARN_ABOUT_RETURN_TYPE = YES_ERROR;
				GCC_WARN_UNDECLARED_SELECTOR = YES;
				GCC_WARN_UNINITIALIZED_AUTOS = YES_AGGRESSIVE;
				GCC_WARN_UNUSED_FUNCTION = YES;
				GCC_WARN_UNUSED_VARIABLE = YES;
				IPHONEOS_DEPLOYMENT_TARGET = 11.0;
				MTL_ENABLE_DEBUG_INFO = INCLUDE_SOURCE;
				MTL_FAST_MATH = YES;
				ONLY_ACTIVE_ARCH = YES;
				SDKROOT = iphoneos;
				SWIFT_ACTIVE_COMPILATION_CONDITIONS = DEBUG;
				SWIFT_OPTIMIZATION_LEVEL = "-Onone";
			};
			name = Debug;
		};
		28FDDC3D2146011B00FD301A /* Release */ = {
			isa = XCBuildConfiguration;
			buildSettings = {
				ALWAYS_SEARCH_USER_PATHS = NO;
				CLANG_ANALYZER_NONNULL = YES;
				CLANG_ANALYZER_NUMBER_OBJECT_CONVERSION = YES_AGGRESSIVE;
				CLANG_CXX_LANGUAGE_STANDARD = "gnu++14";
				CLANG_CXX_LIBRARY = "libc++";
				CLANG_ENABLE_MODULES = YES;
				CLANG_ENABLE_OBJC_ARC = YES;
				CLANG_ENABLE_OBJC_WEAK = YES;
				CLANG_WARN_BLOCK_CAPTURE_AUTORELEASING = YES;
				CLANG_WARN_BOOL_CONVERSION = YES;
				CLANG_WARN_COMMA = YES;
				CLANG_WARN_CONSTANT_CONVERSION = YES;
				CLANG_WARN_DEPRECATED_OBJC_IMPLEMENTATIONS = YES;
				CLANG_WARN_DIRECT_OBJC_ISA_USAGE = YES_ERROR;
				CLANG_WARN_DOCUMENTATION_COMMENTS = YES;
				CLANG_WARN_EMPTY_BODY = YES;
				CLANG_WARN_ENUM_CONVERSION = YES;
				CLANG_WARN_INFINITE_RECURSION = YES;
				CLANG_WARN_INT_CONVERSION = YES;
				CLANG_WARN_NON_LITERAL_NULL_CONVERSION = YES;
				CLANG_WARN_OBJC_IMPLICIT_RETAIN_SELF = YES;
				CLANG_WARN_OBJC_LITERAL_CONVERSION = YES;
				CLANG_WARN_OBJC_ROOT_CLASS = YES_ERROR;
				CLANG_WARN_RANGE_LOOP_ANALYSIS = YES;
				CLANG_WARN_STRICT_PROTOTYPES = YES;
				CLANG_WARN_SUSPICIOUS_MOVE = YES;
				CLANG_WARN_UNGUARDED_AVAILABILITY = YES_AGGRESSIVE;
				CLANG_WARN_UNREACHABLE_CODE = YES;
				CLANG_WARN__DUPLICATE_METHOD_MATCH = YES;
				CODE_SIGN_IDENTITY = "iPhone Developer";
				COPY_PHASE_STRIP = NO;
				DEBUG_INFORMATION_FORMAT = "dwarf-with-dsym";
				ENABLE_NS_ASSERTIONS = NO;
				ENABLE_STRICT_OBJC_MSGSEND = YES;
				GCC_C_LANGUAGE_STANDARD = gnu11;
				GCC_NO_COMMON_BLOCKS = YES;
				GCC_WARN_64_TO_32_BIT_CONVERSION = YES;
				GCC_WARN_ABOUT_RETURN_TYPE = YES_ERROR;
				GCC_WARN_UNDECLARED_SELECTOR = YES;
				GCC_WARN_UNINITIALIZED_AUTOS = YES_AGGRESSIVE;
				GCC_WARN_UNUSED_FUNCTION = YES;
				GCC_WARN_UNUSED_VARIABLE = YES;
				IPHONEOS_DEPLOYMENT_TARGET = 11.0;
				MTL_ENABLE_DEBUG_INFO = NO;
				MTL_FAST_MATH = YES;
				SDKROOT = iphoneos;
				SWIFT_COMPILATION_MODE = wholemodule;
				SWIFT_OPTIMIZATION_LEVEL = "-O";
				VALIDATE_PRODUCT = YES;
			};
			name = Release;
		};
		28FDDC3F2146011B00FD301A /* Debug */ = {
			isa = XCBuildConfiguration;
			buildSettings = {
				ASSETCATALOG_COMPILER_APPICON_NAME = AppIcon;
				CODE_SIGN_STYLE = Automatic;
				DEVELOPMENT_TEAM = R3E6G552N7;
				FRAMEWORK_SEARCH_PATHS = (
					"$(inherited)",
					"$(PROJECT_DIR)/Carthage/Checkouts/SOAPEngine",
					"$(PROJECT_DIR)/Carthage/Build/iOS",
					"$(PROJECT_DIR)/ThirdParty",
				);
				HEADER_SEARCH_PATHS = /usr/include/libxml2;
				INFOPLIST_FILE = Brickalyzer/Info.plist;
				IPHONEOS_DEPLOYMENT_TARGET = 12.0;
				LD_RUNPATH_SEARCH_PATHS = (
					"$(inherited)",
					"@executable_path/Frameworks",
				);
				LIBRARY_SEARCH_PATHS = "$SRCROOT/../Carthage/Checkouts/**";
				OTHER_LDFLAGS = "-lxml2";
				PRODUCT_BUNDLE_IDENTIFIER = com.tspike.Brickalyzer;
				PRODUCT_NAME = "$(TARGET_NAME)";
				SWIFT_VERSION = 4.2;
				TARGETED_DEVICE_FAMILY = "1,2";
			};
			name = Debug;
		};
		28FDDC402146011B00FD301A /* Release */ = {
			isa = XCBuildConfiguration;
			buildSettings = {
				ASSETCATALOG_COMPILER_APPICON_NAME = AppIcon;
				CODE_SIGN_STYLE = Automatic;
				DEVELOPMENT_TEAM = R3E6G552N7;
				FRAMEWORK_SEARCH_PATHS = (
					"$(inherited)",
					"$(PROJECT_DIR)/Carthage/Checkouts/SOAPEngine",
					"$(PROJECT_DIR)/Carthage/Build/iOS",
					"$(PROJECT_DIR)/ThirdParty",
				);
				HEADER_SEARCH_PATHS = /usr/include/libxml2;
				INFOPLIST_FILE = Brickalyzer/Info.plist;
				IPHONEOS_DEPLOYMENT_TARGET = 12.0;
				LD_RUNPATH_SEARCH_PATHS = (
					"$(inherited)",
					"@executable_path/Frameworks",
				);
				LIBRARY_SEARCH_PATHS = "$SRCROOT/../Carthage/Checkouts/**";
				OTHER_LDFLAGS = "-lxml2";
				PRODUCT_BUNDLE_IDENTIFIER = com.tspike.Brickalyzer;
				PRODUCT_NAME = "$(TARGET_NAME)";
				SWIFT_VERSION = 4.2;
				TARGETED_DEVICE_FAMILY = "1,2";
			};
			name = Release;
		};
		28FDDC422146011B00FD301A /* Debug */ = {
			isa = XCBuildConfiguration;
			buildSettings = {
				ALWAYS_EMBED_SWIFT_STANDARD_LIBRARIES = YES;
				BUNDLE_LOADER = "$(TEST_HOST)";
				CODE_SIGN_STYLE = Automatic;
				DEVELOPMENT_TEAM = R3E6G552N7;
				INFOPLIST_FILE = BrickalyzerTests/Info.plist;
				LD_RUNPATH_SEARCH_PATHS = (
					"$(inherited)",
					"@executable_path/Frameworks",
					"@loader_path/Frameworks",
				);
				PRODUCT_BUNDLE_IDENTIFIER = com.tspike.BrickalyzerTests;
				PRODUCT_NAME = "$(TARGET_NAME)";
				SWIFT_VERSION = 4.2;
				TARGETED_DEVICE_FAMILY = "1,2";
				TEST_HOST = "$(BUILT_PRODUCTS_DIR)/Brickalyzer.app/Brickalyzer";
			};
			name = Debug;
		};
		28FDDC432146011B00FD301A /* Release */ = {
			isa = XCBuildConfiguration;
			buildSettings = {
				ALWAYS_EMBED_SWIFT_STANDARD_LIBRARIES = YES;
				BUNDLE_LOADER = "$(TEST_HOST)";
				CODE_SIGN_STYLE = Automatic;
				DEVELOPMENT_TEAM = R3E6G552N7;
				INFOPLIST_FILE = BrickalyzerTests/Info.plist;
				LD_RUNPATH_SEARCH_PATHS = (
					"$(inherited)",
					"@executable_path/Frameworks",
					"@loader_path/Frameworks",
				);
				PRODUCT_BUNDLE_IDENTIFIER = com.tspike.BrickalyzerTests;
				PRODUCT_NAME = "$(TARGET_NAME)";
				SWIFT_VERSION = 4.2;
				TARGETED_DEVICE_FAMILY = "1,2";
				TEST_HOST = "$(BUILT_PRODUCTS_DIR)/Brickalyzer.app/Brickalyzer";
			};
			name = Release;
		};
/* End XCBuildConfiguration section */

/* Begin XCConfigurationList section */
		28FDDC1C2146011A00FD301A /* Build configuration list for PBXProject "Brickalyzer" */ = {
			isa = XCConfigurationList;
			buildConfigurations = (
				28FDDC3C2146011B00FD301A /* Debug */,
				28FDDC3D2146011B00FD301A /* Release */,
			);
			defaultConfigurationIsVisible = 0;
			defaultConfigurationName = Release;
		};
		28FDDC3E2146011B00FD301A /* Build configuration list for PBXNativeTarget "Brickalyzer" */ = {
			isa = XCConfigurationList;
			buildConfigurations = (
				28FDDC3F2146011B00FD301A /* Debug */,
				28FDDC402146011B00FD301A /* Release */,
			);
			defaultConfigurationIsVisible = 0;
			defaultConfigurationName = Release;
		};
		28FDDC412146011B00FD301A /* Build configuration list for PBXNativeTarget "BrickalyzerTests" */ = {
			isa = XCConfigurationList;
			buildConfigurations = (
				28FDDC422146011B00FD301A /* Debug */,
				28FDDC432146011B00FD301A /* Release */,
			);
			defaultConfigurationIsVisible = 0;
			defaultConfigurationName = Release;
		};
/* End XCConfigurationList section */
	};
	rootObject = 28FDDC192146011A00FD301A /* Project object */;
}
